
Microsoft Visual Studio Solution File, Format Version 12.00
# Visual Studio Version 17
VisualStudioVersion = 17.14.36518.9 d17.14
MinimumVisualStudioVersion = 10.0.40219.1
Project("{FAE04EC0-301F-11D3-BF4B-00C04F79EFBC}") = "SSEML_OkulZili", "SSEML_OkulZili\SSEML_OkulZili.csproj", "{DF262FC4-D72B-4FAC-8176-2DCC4FD4997B}"
EndProject
Global
	GlobalSection(SolutionConfigurationPlatforms) = preSolution
		Debug|Any CPU = Debug|Any CPU
		Release|Any CPU = Release|Any CPU
	EndGlobalSection
	GlobalSection(ProjectConfigurationPlatforms) = postSolution
		{DF262FC4-D72B-4FAC-8176-2DCC4FD4997B}.Debug|Any CPU.ActiveCfg = Debug|Any CPU
		{DF262FC4-D72B-4FAC-8176-2DCC4FD4997B}.Debug|Any CPU.Build.0 = Debug|Any CPU
		{DF262FC4-D72B-4FAC-8176-2DCC4FD4997B}.Release|Any CPU.ActiveCfg = Release|Any CPU
		{DF262FC4-D72B-4FAC-8176-2DCC4FD4997B}.Release|Any CPU.Build.0 = Release|Any CPU
	EndGlobalSection
	GlobalSection(SolutionProperties) = preSolution
		HideSolutionNode = FALSE
	EndGlobalSection
	GlobalSection(ExtensibilityGlobals) = postSolution
		SolutionGuid = {56CCC350-0B1B-4BBC-8E7E-D3957D78CAED}
	EndGlobalSection
EndGlobal
